
Microsoft Visual Studio Solution File, Format Version 12.00
# Visual Studio 15
VisualStudioVersion = 15.0.27130.2010
MinimumVisualStudioVersion = 10.0.40219.1
Project("{FAE04EC0-301F-11D3-BF4B-00C04F79EFBC}") = "SenseHatWorkshop", "SenseHatWorkshop\SenseHatWorkshop.csproj", "{C8E751BD-3816-4678-BC5F-419E10F93E98}"
EndProject
Project("{9A19103F-16F7-4668-BE54-9A1E7A4F7556}") = "Utils", "Utils\Utils.csproj", "{82BF4F52-BA33-4D2A-BE08-FBAD67EA68E5}"
EndProject
Project("{9A19103F-16F7-4668-BE54-9A1E7A4F7556}") = "CloudHandlers", "CloudHandlers\CloudHandlers.csproj", "{5C4105D4-61A4-414C-B603-4FE6513F17DD}"
EndProject
Project("{2150E333-8FDC-42A3-9474-1A3956D46DE8}") = "Tests", "Tests", "{993B3B56-325F-452D-A7AC-7ECC8BB91A0C}"
EndProject
Project("{9A19103F-16F7-4668-BE54-9A1E7A4F7556}") = "CloudHandlersTests", "CloudHandlersTests\CloudHandlersTests.csproj", "{3FABA592-DE95-4E1B-A16D-30A5DD7503D3}"
EndProject
Project("{FAE04EC0-301F-11D3-BF4B-00C04F79EFBC}") = "SenseHatWorkshop.Services", "SenseHatWorkshop.Services\SenseHatWorkshop.Services.csproj", "{C08749DC-C7A2-4851-8EC2-CD2E250DF842}"
EndProject
Project("{FAE04EC0-301F-11D3-BF4B-00C04F79EFBC}") = "SenseHatHandler", "SenseHatHandler\SenseHatHandler.csproj", "{72F8A2C5-CDB5-4A1C-8065-BA0E77A6EB67}"
EndProject
Project("{FAE04EC0-301F-11D3-BF4B-00C04F79EFBC}") = "Flow", "Flow\Flow.csproj", "{12D0C695-FE04-4CEB-851B-C1A66B30FC98}"
EndProject
Project("{FAE04EC0-301F-11D3-BF4B-00C04F79EFBC}") = "FlowTests", "FlowTests\FlowTests.csproj", "{5986BD04-8D52-4FC7-8485-CF22C18BD0B4}"
EndProject
Global
	GlobalSection(SolutionConfigurationPlatforms) = preSolution
		Debug|Any CPU = Debug|Any CPU
		Debug|ARM = Debug|ARM
		Debug|x64 = Debug|x64
		Debug|x86 = Debug|x86
		Release|Any CPU = Release|Any CPU
		Release|ARM = Release|ARM
		Release|x64 = Release|x64
		Release|x86 = Release|x86
	EndGlobalSection
	GlobalSection(ProjectConfigurationPlatforms) = postSolution
		{C8E751BD-3816-4678-BC5F-419E10F93E98}.Debug|Any CPU.ActiveCfg = Debug|x86
		{C8E751BD-3816-4678-BC5F-419E10F93E98}.Debug|ARM.ActiveCfg = Debug|ARM
		{C8E751BD-3816-4678-BC5F-419E10F93E98}.Debug|ARM.Build.0 = Debug|ARM
		{C8E751BD-3816-4678-BC5F-419E10F93E98}.Debug|ARM.Deploy.0 = Debug|ARM
		{C8E751BD-3816-4678-BC5F-419E10F93E98}.Debug|x64.ActiveCfg = Debug|x64
		{C8E751BD-3816-4678-BC5F-419E10F93E98}.Debug|x64.Build.0 = Debug|x64
		{C8E751BD-3816-4678-BC5F-419E10F93E98}.Debug|x64.Deploy.0 = Debug|x64
		{C8E751BD-3816-4678-BC5F-419E10F93E98}.Debug|x86.ActiveCfg = Debug|x86
		{C8E751BD-3816-4678-BC5F-419E10F93E98}.Debug|x86.Build.0 = Debug|x86
		{C8E751BD-3816-4678-BC5F-419E10F93E98}.Debug|x86.Deploy.0 = Debug|x86
		{C8E751BD-3816-4678-BC5F-419E10F93E98}.Release|Any CPU.ActiveCfg = Release|x86
		{C8E751BD-3816-4678-BC5F-419E10F93E98}.Release|ARM.ActiveCfg = Release|ARM
		{C8E751BD-3816-4678-BC5F-419E10F93E98}.Release|ARM.Build.0 = Release|ARM
		{C8E751BD-3816-4678-BC5F-419E10F93E98}.Release|ARM.Deploy.0 = Release|ARM
		{C8E751BD-3816-4678-BC5F-419E10F93E98}.Release|x64.ActiveCfg = Release|x64
		{C8E751BD-3816-4678-BC5F-419E10F93E98}.Release|x64.Build.0 = Release|x64
		{C8E751BD-3816-4678-BC5F-419E10F93E98}.Release|x64.Deploy.0 = Release|x64
		{C8E751BD-3816-4678-BC5F-419E10F93E98}.Release|x86.ActiveCfg = Release|x86
		{C8E751BD-3816-4678-BC5F-419E10F93E98}.Release|x86.Build.0 = Release|x86
		{C8E751BD-3816-4678-BC5F-419E10F93E98}.Release|x86.Deploy.0 = Release|x86
		{82BF4F52-BA33-4D2A-BE08-FBAD67EA68E5}.Debug|Any CPU.ActiveCfg = Debug|Any CPU
		{82BF4F52-BA33-4D2A-BE08-FBAD67EA68E5}.Debug|Any CPU.Build.0 = Debug|Any CPU
		{82BF4F52-BA33-4D2A-BE08-FBAD67EA68E5}.Debug|ARM.ActiveCfg = Debug|Any CPU
		{82BF4F52-BA33-4D2A-BE08-FBAD67EA68E5}.Debug|ARM.Build.0 = Debug|Any CPU
		{82BF4F52-BA33-4D2A-BE08-FBAD67EA68E5}.Debug|x64.ActiveCfg = Debug|Any CPU
		{82BF4F52-BA33-4D2A-BE08-FBAD67EA68E5}.Debug|x64.Build.0 = Debug|Any CPU
		{82BF4F52-BA33-4D2A-BE08-FBAD67EA68E5}.Debug|x86.ActiveCfg = Debug|Any CPU
		{82BF4F52-BA33-4D2A-BE08-FBAD67EA68E5}.Debug|x86.Build.0 = Debug|Any CPU
		{82BF4F52-BA33-4D2A-BE08-FBAD67EA68E5}.Release|Any CPU.ActiveCfg = Release|Any CPU
		{82BF4F52-BA33-4D2A-BE08-FBAD67EA68E5}.Release|Any CPU.Build.0 = Release|Any CPU
		{82BF4F52-BA33-4D2A-BE08-FBAD67EA68E5}.Release|ARM.ActiveCfg = Release|Any CPU
		{82BF4F52-BA33-4D2A-BE08-FBAD67EA68E5}.Release|ARM.Build.0 = Release|Any CPU
		{82BF4F52-BA33-4D2A-BE08-FBAD67EA68E5}.Release|x64.ActiveCfg = Release|Any CPU
		{82BF4F52-BA33-4D2A-BE08-FBAD67EA68E5}.Release|x64.Build.0 = Release|Any CPU
		{82BF4F52-BA33-4D2A-BE08-FBAD67EA68E5}.Release|x86.ActiveCfg = Release|Any CPU
		{82BF4F52-BA33-4D2A-BE08-FBAD67EA68E5}.Release|x86.Build.0 = Release|Any CPU
		{5C4105D4-61A4-414C-B603-4FE6513F17DD}.Debug|Any CPU.ActiveCfg = Debug|Any CPU
		{5C4105D4-61A4-414C-B603-4FE6513F17DD}.Debug|Any CPU.Build.0 = Debug|Any CPU
		{5C4105D4-61A4-414C-B603-4FE6513F17DD}.Debug|ARM.ActiveCfg = Debug|Any CPU
		{5C4105D4-61A4-414C-B603-4FE6513F17DD}.Debug|ARM.Build.0 = Debug|Any CPU
		{5C4105D4-61A4-414C-B603-4FE6513F17DD}.Debug|x64.ActiveCfg = Debug|Any CPU
		{5C4105D4-61A4-414C-B603-4FE6513F17DD}.Debug|x64.Build.0 = Debug|Any CPU
		{5C4105D4-61A4-414C-B603-4FE6513F17DD}.Debug|x86.ActiveCfg = Debug|Any CPU
		{5C4105D4-61A4-414C-B603-4FE6513F17DD}.Debug|x86.Build.0 = Debug|Any CPU
		{5C4105D4-61A4-414C-B603-4FE6513F17DD}.Release|Any CPU.ActiveCfg = Release|Any CPU
		{5C4105D4-61A4-414C-B603-4FE6513F17DD}.Release|Any CPU.Build.0 = Release|Any CPU
		{5C4105D4-61A4-414C-B603-4FE6513F17DD}.Release|ARM.ActiveCfg = Release|Any CPU
		{5C4105D4-61A4-414C-B603-4FE6513F17DD}.Release|ARM.Build.0 = Release|Any CPU
		{5C4105D4-61A4-414C-B603-4FE6513F17DD}.Release|x64.ActiveCfg = Release|Any CPU
		{5C4105D4-61A4-414C-B603-4FE6513F17DD}.Release|x64.Build.0 = Release|Any CPU
		{5C4105D4-61A4-414C-B603-4FE6513F17DD}.Release|x86.ActiveCfg = Release|Any CPU
		{5C4105D4-61A4-414C-B603-4FE6513F17DD}.Release|x86.Build.0 = Release|Any CPU
		{3FABA592-DE95-4E1B-A16D-30A5DD7503D3}.Debug|Any CPU.ActiveCfg = Debug|Any CPU
		{3FABA592-DE95-4E1B-A16D-30A5DD7503D3}.Debug|Any CPU.Build.0 = Debug|Any CPU
		{3FABA592-DE95-4E1B-A16D-30A5DD7503D3}.Debug|ARM.ActiveCfg = Debug|Any CPU
		{3FABA592-DE95-4E1B-A16D-30A5DD7503D3}.Debug|ARM.Build.0 = Debug|Any CPU
		{3FABA592-DE95-4E1B-A16D-30A5DD7503D3}.Debug|x64.ActiveCfg = Debug|Any CPU
		{3FABA592-DE95-4E1B-A16D-30A5DD7503D3}.Debug|x64.Build.0 = Debug|Any CPU
		{3FABA592-DE95-4E1B-A16D-30A5DD7503D3}.Debug|x86.ActiveCfg = Debug|Any CPU
		{3FABA592-DE95-4E1B-A16D-30A5DD7503D3}.Debug|x86.Build.0 = Debug|Any CPU
		{3FABA592-DE95-4E1B-A16D-30A5DD7503D3}.Release|Any CPU.ActiveCfg = Release|Any CPU
		{3FABA592-DE95-4E1B-A16D-30A5DD7503D3}.Release|Any CPU.Build.0 = Release|Any CPU
		{3FABA592-DE95-4E1B-A16D-30A5DD7503D3}.Release|ARM.ActiveCfg = Release|Any CPU
		{3FABA592-DE95-4E1B-A16D-30A5DD7503D3}.Release|ARM.Build.0 = Release|Any CPU
		{3FABA592-DE95-4E1B-A16D-30A5DD7503D3}.Release|x64.ActiveCfg = Release|Any CPU
		{3FABA592-DE95-4E1B-A16D-30A5DD7503D3}.Release|x64.Build.0 = Release|Any CPU
		{3FABA592-DE95-4E1B-A16D-30A5DD7503D3}.Release|x86.ActiveCfg = Release|Any CPU
		{3FABA592-DE95-4E1B-A16D-30A5DD7503D3}.Release|x86.Build.0 = Release|Any CPU
		{C08749DC-C7A2-4851-8EC2-CD2E250DF842}.Debug|Any CPU.ActiveCfg = Debug|Any CPU
		{C08749DC-C7A2-4851-8EC2-CD2E250DF842}.Debug|Any CPU.Build.0 = Debug|Any CPU
		{C08749DC-C7A2-4851-8EC2-CD2E250DF842}.Debug|ARM.ActiveCfg = Debug|ARM
		{C08749DC-C7A2-4851-8EC2-CD2E250DF842}.Debug|ARM.Build.0 = Debug|ARM
		{C08749DC-C7A2-4851-8EC2-CD2E250DF842}.Debug|x64.ActiveCfg = Debug|x64
		{C08749DC-C7A2-4851-8EC2-CD2E250DF842}.Debug|x64.Build.0 = Debug|x64
		{C08749DC-C7A2-4851-8EC2-CD2E250DF842}.Debug|x86.ActiveCfg = Debug|x86
		{C08749DC-C7A2-4851-8EC2-CD2E250DF842}.Debug|x86.Build.0 = Debug|x86
		{C08749DC-C7A2-4851-8EC2-CD2E250DF842}.Release|Any CPU.ActiveCfg = Release|Any CPU
		{C08749DC-C7A2-4851-8EC2-CD2E250DF842}.Release|Any CPU.Build.0 = Release|Any CPU
		{C08749DC-C7A2-4851-8EC2-CD2E250DF842}.Release|ARM.ActiveCfg = Release|ARM
		{C08749DC-C7A2-4851-8EC2-CD2E250DF842}.Release|ARM.Build.0 = Release|ARM
		{C08749DC-C7A2-4851-8EC2-CD2E250DF842}.Release|x64.ActiveCfg = Release|x64
		{C08749DC-C7A2-4851-8EC2-CD2E250DF842}.Release|x64.Build.0 = Release|x64
		{C08749DC-C7A2-4851-8EC2-CD2E250DF842}.Release|x86.ActiveCfg = Release|x86
		{C08749DC-C7A2-4851-8EC2-CD2E250DF842}.Release|x86.Build.0 = Release|x86
		{72F8A2C5-CDB5-4A1C-8065-BA0E77A6EB67}.Debug|Any CPU.ActiveCfg = Debug|Any CPU
		{72F8A2C5-CDB5-4A1C-8065-BA0E77A6EB67}.Debug|Any CPU.Build.0 = Debug|Any CPU
		{72F8A2C5-CDB5-4A1C-8065-BA0E77A6EB67}.Debug|ARM.ActiveCfg = Debug|ARM
		{72F8A2C5-CDB5-4A1C-8065-BA0E77A6EB67}.Debug|ARM.Build.0 = Debug|ARM
		{72F8A2C5-CDB5-4A1C-8065-BA0E77A6EB67}.Debug|x64.ActiveCfg = Debug|x64
		{72F8A2C5-CDB5-4A1C-8065-BA0E77A6EB67}.Debug|x64.Build.0 = Debug|x64
		{72F8A2C5-CDB5-4A1C-8065-BA0E77A6EB67}.Debug|x86.ActiveCfg = Debug|x86
		{72F8A2C5-CDB5-4A1C-8065-BA0E77A6EB67}.Debug|x86.Build.0 = Debug|x86
		{72F8A2C5-CDB5-4A1C-8065-BA0E77A6EB67}.Release|Any CPU.ActiveCfg = Release|Any CPU
		{72F8A2C5-CDB5-4A1C-8065-BA0E77A6EB67}.Release|Any CPU.Build.0 = Release|Any CPU
		{72F8A2C5-CDB5-4A1C-8065-BA0E77A6EB67}.Release|ARM.ActiveCfg = Release|ARM
		{72F8A2C5-CDB5-4A1C-8065-BA0E77A6EB67}.Release|ARM.Build.0 = Release|ARM
		{72F8A2C5-CDB5-4A1C-8065-BA0E77A6EB67}.Release|x64.ActiveCfg = Release|x64
		{72F8A2C5-CDB5-4A1C-8065-BA0E77A6EB67}.Release|x64.Build.0 = Release|x64
		{72F8A2C5-CDB5-4A1C-8065-BA0E77A6EB67}.Release|x86.ActiveCfg = Release|x86
		{72F8A2C5-CDB5-4A1C-8065-BA0E77A6EB67}.Release|x86.Build.0 = Release|x86
		{12D0C695-FE04-4CEB-851B-C1A66B30FC98}.Debug|Any CPU.ActiveCfg = Debug|Any CPU
		{12D0C695-FE04-4CEB-851B-C1A66B30FC98}.Debug|Any CPU.Build.0 = Debug|Any CPU
		{12D0C695-FE04-4CEB-851B-C1A66B30FC98}.Debug|ARM.ActiveCfg = Debug|ARM
		{12D0C695-FE04-4CEB-851B-C1A66B30FC98}.Debug|ARM.Build.0 = Debug|ARM
		{12D0C695-FE04-4CEB-851B-C1A66B30FC98}.Debug|x64.ActiveCfg = Debug|x64
		{12D0C695-FE04-4CEB-851B-C1A66B30FC98}.Debug|x64.Build.0 = Debug|x64
		{12D0C695-FE04-4CEB-851B-C1A66B30FC98}.Debug|x86.ActiveCfg = Debug|x86
		{12D0C695-FE04-4CEB-851B-C1A66B30FC98}.Debug|x86.Build.0 = Debug|x86
		{12D0C695-FE04-4CEB-851B-C1A66B30FC98}.Release|Any CPU.ActiveCfg = Release|Any CPU
		{12D0C695-FE04-4CEB-851B-C1A66B30FC98}.Release|Any CPU.Build.0 = Release|Any CPU
		{12D0C695-FE04-4CEB-851B-C1A66B30FC98}.Release|ARM.ActiveCfg = Release|ARM
		{12D0C695-FE04-4CEB-851B-C1A66B30FC98}.Release|ARM.Build.0 = Release|ARM
		{12D0C695-FE04-4CEB-851B-C1A66B30FC98}.Release|x64.ActiveCfg = Release|x64
		{12D0C695-FE04-4CEB-851B-C1A66B30FC98}.Release|x64.Build.0 = Release|x64
		{12D0C695-FE04-4CEB-851B-C1A66B30FC98}.Release|x86.ActiveCfg = Release|x86
		{12D0C695-FE04-4CEB-851B-C1A66B30FC98}.Release|x86.Build.0 = Release|x86
		{5986BD04-8D52-4FC7-8485-CF22C18BD0B4}.Debug|Any CPU.ActiveCfg = Debug|x86
		{5986BD04-8D52-4FC7-8485-CF22C18BD0B4}.Debug|ARM.ActiveCfg = Debug|ARM
		{5986BD04-8D52-4FC7-8485-CF22C18BD0B4}.Debug|ARM.Build.0 = Debug|ARM
		{5986BD04-8D52-4FC7-8485-CF22C18BD0B4}.Debug|ARM.Deploy.0 = Debug|ARM
		{5986BD04-8D52-4FC7-8485-CF22C18BD0B4}.Debug|x64.ActiveCfg = Debug|x64
		{5986BD04-8D52-4FC7-8485-CF22C18BD0B4}.Debug|x64.Build.0 = Debug|x64
		{5986BD04-8D52-4FC7-8485-CF22C18BD0B4}.Debug|x64.Deploy.0 = Debug|x64
		{5986BD04-8D52-4FC7-8485-CF22C18BD0B4}.Debug|x86.ActiveCfg = Debug|x86
		{5986BD04-8D52-4FC7-8485-CF22C18BD0B4}.Debug|x86.Build.0 = Debug|x86
		{5986BD04-8D52-4FC7-8485-CF22C18BD0B4}.Debug|x86.Deploy.0 = Debug|x86
		{5986BD04-8D52-4FC7-8485-CF22C18BD0B4}.Release|Any CPU.ActiveCfg = Release|x86
		{5986BD04-8D52-4FC7-8485-CF22C18BD0B4}.Release|ARM.ActiveCfg = Release|ARM
		{5986BD04-8D52-4FC7-8485-CF22C18BD0B4}.Release|ARM.Build.0 = Release|ARM
		{5986BD04-8D52-4FC7-8485-CF22C18BD0B4}.Release|ARM.Deploy.0 = Release|ARM
		{5986BD04-8D52-4FC7-8485-CF22C18BD0B4}.Release|x64.ActiveCfg = Release|x64
		{5986BD04-8D52-4FC7-8485-CF22C18BD0B4}.Release|x64.Build.0 = Release|x64
		{5986BD04-8D52-4FC7-8485-CF22C18BD0B4}.Release|x64.Deploy.0 = Release|x64
		{5986BD04-8D52-4FC7-8485-CF22C18BD0B4}.Release|x86.ActiveCfg = Release|x86
		{5986BD04-8D52-4FC7-8485-CF22C18BD0B4}.Release|x86.Build.0 = Release|x86
		{5986BD04-8D52-4FC7-8485-CF22C18BD0B4}.Release|x86.Deploy.0 = Release|x86
	EndGlobalSection
	GlobalSection(SolutionProperties) = preSolution
		HideSolutionNode = FALSE
	EndGlobalSection
	GlobalSection(NestedProjects) = preSolution
		{3FABA592-DE95-4E1B-A16D-30A5DD7503D3} = {993B3B56-325F-452D-A7AC-7ECC8BB91A0C}
		{5986BD04-8D52-4FC7-8485-CF22C18BD0B4} = {993B3B56-325F-452D-A7AC-7ECC8BB91A0C}
	EndGlobalSection
	GlobalSection(ExtensibilityGlobals) = postSolution
		SolutionGuid = {B6EDD7DC-8F0F-4C90-9D3A-04DC93839DDA}
	EndGlobalSection
EndGlobal
